// !$*UTF8*$!
{
	archiveVersion = 1;
	classes = {
	};
	objectVersion = 55;
	objects = {

/* Begin PBXBuildFile section */
		A0E6B4B1280BE9DA00E17170 /* ResultViewController.swift in Sources */ = {isa = PBXBuildFile; fileRef = A0E6B4B0280BE9DA00E17170 /* ResultViewController.swift */; };
		A0F20CF02808685A00E238E4 /* AppDelegate.swift in Sources */ = {isa = PBXBuildFile; fileRef = A0F20CEF2808685A00E238E4 /* AppDelegate.swift */; };
		A0F20CF22808685A00E238E4 /* SceneDelegate.swift in Sources */ = {isa = PBXBuildFile; fileRef = A0F20CF12808685A00E238E4 /* SceneDelegate.swift */; };
		A0F20CF42808685A00E238E4 /* ViewController.swift in Sources */ = {isa = PBXBuildFile; fileRef = A0F20CF32808685A00E238E4 /* ViewController.swift */; };
		A0F20CF72808685A00E238E4 /* Main.storyboard in Resources */ = {isa = PBXBuildFile; fileRef = A0F20CF52808685A00E238E4 /* Main.storyboard */; };
		A0F20CF92808685C00E238E4 /* Assets.xcassets in Resources */ = {isa = PBXBuildFile; fileRef = A0F20CF82808685C00E238E4 /* Assets.xcassets */; };
		A0F20CFC2808685C00E238E4 /* LaunchScreen.storyboard in Resources */ = {isa = PBXBuildFile; fileRef = A0F20CFA2808685C00E238E4 /* LaunchScreen.storyboard */; };
		A0F20D042808694500E238E4 /* IMGP1233.JPG in Resources */ = {isa = PBXBuildFile; fileRef = A0F20D032808694500E238E4 /* IMGP1233.JPG */; };
		A0F20D08280994BB00E238E4 /* IMGP1251.JPG in Resources */ = {isa = PBXBuildFile; fileRef = A0F20D05280994BB00E238E4 /* IMGP1251.JPG */; };
		A0F20D09280994BB00E238E4 /* IMGP1303.JPG in Resources */ = {isa = PBXBuildFile; fileRef = A0F20D06280994BB00E238E4 /* IMGP1303.JPG */; };
		A0F20D0A280994BB00E238E4 /* IMGP1269.JPG in Resources */ = {isa = PBXBuildFile; fileRef = A0F20D07280994BB00E238E4 /* IMGP1269.JPG */; };
/* End PBXBuildFile section */

/* Begin PBXFileReference section */
		A0E6B4B0280BE9DA00E17170 /* ResultViewController.swift */ = {isa = PBXFileReference; lastKnownFileType = sourcecode.swift; path = ResultViewController.swift; sourceTree = "<group>"; };
		A0F20CEC2808685A00E238E4 /* SlideshowApp.app */ = {isa = PBXFileReference; explicitFileType = wrapper.application; includeInIndex = 0; path = SlideshowApp.app; sourceTree = BUILT_PRODUCTS_DIR; };
		A0F20CEF2808685A00E238E4 /* AppDelegate.swift */ = {isa = PBXFileReference; lastKnownFileType = sourcecode.swift; path = AppDelegate.swift; sourceTree = "<group>"; };
		A0F20CF12808685A00E238E4 /* SceneDelegate.swift */ = {isa = PBXFileReference; lastKnownFileType = sourcecode.swift; path = SceneDelegate.swift; sourceTree = "<group>"; };
		A0F20CF32808685A00E238E4 /* ViewController.swift */ = {isa = PBXFileReference; lastKnownFileType = sourcecode.swift; path = ViewController.swift; sourceTree = "<group>"; };
		A0F20CF62808685A00E238E4 /* Base */ = {isa = PBXFileReference; lastKnownFileType = file.storyboard; name = Base; path = Base.lproj/Main.storyboard; sourceTree = "<group>"; };
		A0F20CF82808685C00E238E4 /* Assets.xcassets */ = {isa = PBXFileReference; lastKnownFileType = folder.assetcatalog; path = Assets.xcassets; sourceTree = "<group>"; };
		A0F20CFB2808685C00E238E4 /* Base */ = {isa = PBXFileReference; lastKnownFileType = file.storyboard; name = Base; path = Base.lproj/LaunchScreen.storyboard; sourceTree = "<group>"; };
		A0F20CFD2808685C00E238E4 /* Info.plist */ = {isa = PBXFileReference; lastKnownFileType = text.plist.xml; path = Info.plist; sourceTree = "<group>"; };
		A0F20D032808694500E238E4 /* IMGP1233.JPG */ = {isa = PBXFileReference; lastKnownFileType = image.jpeg; path = IMGP1233.JPG; sourceTree = "<group>"; };
		A0F20D05280994BB00E238E4 /* IMGP1251.JPG */ = {isa = PBXFileReference; lastKnownFileType = image.jpeg; path = IMGP1251.JPG; sourceTree = "<group>"; };
		A0F20D06280994BB00E238E4 /* IMGP1303.JPG */ = {isa = PBXFileReference; lastKnownFileType = image.jpeg; path = IMGP1303.JPG; sourceTree = "<group>"; };
		A0F20D07280994BB00E238E4 /* IMGP1269.JPG */ = {isa = PBXFileReference; lastKnownFileType = image.jpeg; path = IMGP1269.JPG; sourceTree = "<group>"; };
/* End PBXFileReference section */

/* Begin PBXFrameworksBuildPhase section */
		A0F20CE92808685A00E238E4 /* Frameworks */ = {
			isa = PBXFrameworksBuildPhase;
			buildActionMask = 2147483647;
			files = (
			);
			runOnlyForDeploymentPostprocessing = 0;
		};
/* End PBXFrameworksBuildPhase section */

/* Begin PBXGroup section */
		A0F20CE32808685A00E238E4 = {
			isa = PBXGroup;
			children = (
				A0F20CEE2808685A00E238E4 /* SlideshowApp */,
				A0F20CED2808685A00E238E4 /* Products */,
			);
			sourceTree = "<group>";
		};
		A0F20CED2808685A00E238E4 /* Products */ = {
			isa = PBXGroup;
			children = (
				A0F20CEC2808685A00E238E4 /* SlideshowApp.app */,
			);
			name = Products;
			sourceTree = "<group>";
		};
		A0F20CEE2808685A00E238E4 /* SlideshowApp */ = {
			isa = PBXGroup;
			children = (
				A0F20CEF2808685A00E238E4 /* AppDelegate.swift */,
				A0F20CF12808685A00E238E4 /* SceneDelegate.swift */,
				A0F20CF32808685A00E238E4 /* ViewController.swift */,
				A0E6B4B0280BE9DA00E17170 /* ResultViewController.swift */,
				A0F20CF52808685A00E238E4 /* Main.storyboard */,
				A0F20CF82808685C00E238E4 /* Assets.xcassets */,
				A0F20CFA2808685C00E238E4 /* LaunchScreen.storyboard */,
				A0F20CFD2808685C00E238E4 /* Info.plist */,
				A0F20D032808694500E238E4 /* IMGP1233.JPG */,
				A0F20D05280994BB00E238E4 /* IMGP1251.JPG */,
				A0F20D07280994BB00E238E4 /* IMGP1269.JPG */,
				A0F20D06280994BB00E238E4 /* IMGP1303.JPG */,
			);
			path = SlideshowApp;
			sourceTree = "<group>";
		};
/* End PBXGroup section */

/* Begin PBXNativeTarget section */
		A0F20CEB2808685A00E238E4 /* SlideshowApp */ = {
			isa = PBXNativeTarget;
			buildConfigurationList = A0F20D002808685C00E238E4 /* Build configuration list for PBXNativeTarget "SlideshowApp" */;
			buildPhases = (
				A0F20CE82808685A00E238E4 /* Sources */,
				A0F20CE92808685A00E238E4 /* Frameworks */,
				A0F20CEA2808685A00E238E4 /* Resources */,
			);
			buildRules = (
			);
			dependencies = (
			);
			name = SlideshowApp;
			productName = SlideshowApp;
			productReference = A0F20CEC2808685A00E238E4 /* SlideshowApp.app */;
			productType = "com.apple.product-type.application";
		};
/* End PBXNativeTarget section */

/* Begin PBXProject section */
		A0F20CE42808685A00E238E4 /* Project object */ = {
			isa = PBXProject;
			attributes = {
				BuildIndependentTargetsInParallel = 1;
				LastSwiftUpdateCheck = 1310;
				LastUpgradeCheck = 1310;
				TargetAttributes = {
					A0F20CEB2808685A00E238E4 = {
						CreatedOnToolsVersion = 13.1;
					};
				};
			};
			buildConfigurationList = A0F20CE72808685A00E238E4 /* Build configuration list for PBXProject "SlideshowApp" */;
			compatibilityVersion = "Xcode 13.0";
			developmentRegion = en;
			hasScannedForEncodings = 0;
			knownRegions = (
				en,
				Base,
			);
			mainGroup = A0F20CE32808685A00E238E4;
			productRefGroup = A0F20CED2808685A00E238E4 /* Products */;
			projectDirPath = "";
			projectRoot = "";
			targets = (
				A0F20CEB2808685A00E238E4 /* SlideshowApp */,
			);
		};
/* End PBXProject section */

/* Begin PBXResourcesBuildPhase section */
		A0F20CEA2808685A00E238E4 /* Resources */ = {
			isa = PBXResourcesBuildPhase;
			buildActionMask = 2147483647;
			files = (
				A0F20CFC2808685C00E238E4 /* LaunchScreen.storyboard in Resources */,
				A0F20D042808694500E238E4 /* IMGP1233.JPG in Resources */,
				A0F20CF92808685C00E238E4 /* Assets.xcassets in Resources */,
				A0F20D0A280994BB00E238E4 /* IMGP1269.JPG in Resources */,
				A0F20D09280994BB00E238E4 /* IMGP1303.JPG in Resources */,
				A0F20D08280994BB00E238E4 /* IMGP1251.JPG in Resources */,
				A0F20CF72808685A00E238E4 /* Main.storyboard in Resources */,
			);
			runOnlyForDeploymentPostprocessing = 0;
		};
/* End PBXResourcesBuildPhase section */

/* Begin PBXSourcesBuildPhase section */
		A0F20CE82808685A00E238E4 /* Sources */ = {
			isa = PBXSourcesBuildPhase;
			buildActionMask = 2147483647;
			files = (
				A0F20CF42808685A00E238E4 /* ViewController.swift in Sources */,
				A0F20CF02808685A00E238E4 /* AppDelegate.swift in Sources */,
				A0F20CF22808685A00E238E4 /* SceneDelegate.swift in Sources */,
				A0E6B4B1280BE9DA00E17170 /* ResultViewController.swift in Sources */,
			);
			runOnlyForDeploymentPostprocessing = 0;
		};
/* End PBXSourcesBuildPhase section */

/* Begin PBXVariantGroup section */
		A0F20CF52808685A00E238E4 /* Main.storyboard */ = {
			isa = PBXVariantGroup;
			children = (
				A0F20CF62808685A00E238E4 /* Base */,
			);
			name = Main.storyboard;
			sourceTree = "<group>";
		};
		A0F20CFA2808685C00E238E4 /* LaunchScreen.storyboard */ = {
			isa = PBXVariantGroup;
			children = (
				A0F20CFB2808685C00E238E4 /* Base */,
			);
			name = LaunchScreen.storyboard;
			sourceTree = "<group>";
		};
/* End PBXVariantGroup section */

/* Begin XCBuildConfiguration section */
		A0F20CFE2808685C00E238E4 /* Debug */ = {
			isa = XCBuildConfiguration;
			buildSettings = {
				ALWAYS_SEARCH_USER_PATHS = NO;
				CLANG_ANALYZER_NONNULL = YES;
				CLANG_ANALYZER_NUMBER_OBJECT_CONVERSION = YES_AGGRESSIVE;
				CLANG_CXX_LANGUAGE_STANDARD = "gnu++17";
				CLANG_CXX_LIBRARY = "libc++";
				CLANG_ENABLE_MODULES = YES;
				CLANG_ENABLE_OBJC_ARC = YES;
				CLANG_ENABLE_OBJC_WEAK = YES;
				CLANG_WARN_BLOCK_CAPTURE_AUTORELEASING = YES;
				CLANG_WARN_BOOL_CONVERSION = YES;
				CLANG_WARN_COMMA = YES;
				CLANG_WARN_CONSTANT_CONVERSION = YES;
				CLANG_WARN_DEPRECATED_OBJC_IMPLEMENTATIONS = YES;
				CLANG_WARN_DIRECT_OBJC_ISA_USAGE = YES_ERROR;
				CLANG_WARN_DOCUMENTATION_COMMENTS = YES;
				CLANG_WARN_EMPTY_BODY = YES;
				CLANG_WARN_ENUM_CONVERSION = YES;
				CLANG_WARN_INFINITE_RECURSION = YES;
				CLANG_WARN_INT_CONVERSION = YES;
				CLANG_WARN_NON_LITERAL_NULL_CONVERSION = YES;
				CLANG_WARN_OBJC_IMPLICIT_RETAIN_SELF = YES;
				CLANG_WARN_OBJC_LITERAL_CONVERSION = YES;
				CLANG_WARN_OBJC_ROOT_CLASS = YES_ERROR;
				CLANG_WARN_QUOTED_INCLUDE_IN_FRAMEWORK_HEADER = YES;
				CLANG_WARN_RANGE_LOOP_ANALYSIS = YES;
				CLANG_WARN_STRICT_PROTOTYPES = YES;
				CLANG_WARN_SUSPICIOUS_MOVE = YES;
				CLANG_WARN_UNGUARDED_AVAILABILITY = YES_AGGRESSIVE;
				CLANG_WARN_UNREACHABLE_CODE = YES;
				CLANG_WARN__DUPLICATE_METHOD_MATCH = YES;
				COPY_PHASE_STRIP = NO;
				DEBUG_INFORMATION_FORMAT = dwarf;
				ENABLE_STRICT_OBJC_MSGSEND = YES;
				ENABLE_TESTABILITY = YES;
				GCC_C_LANGUAGE_STANDARD = gnu11;
				GCC_DYNAMIC_NO_PIC = NO;
				GCC_NO_COMMON_BLOCKS = YES;
				GCC_OPTIMIZATION_LEVEL = 0;
				GCC_PREPROCESSOR_DEFINITIONS = (
					"DEBUG=1",
					"$(inherited)",
				);
				GCC_WARN_64_TO_32_BIT_CONVERSION = YES;
				GCC_WARN_ABOUT_RETURN_TYPE = YES_ERROR;
				GCC_WARN_UNDECLARED_SELECTOR = YES;
				GCC_WARN_UNINITIALIZED_AUTOS = YES_AGGRESSIVE;
				GCC_WARN_UNUSED_FUNCTION = YES;
				GCC_WARN_UNUSED_VARIABLE = YES;
				IPHONEOS_DEPLOYMENT_TARGET = 15.0;
				MTL_ENABLE_DEBUG_INFO = INCLUDE_SOURCE;
				MTL_FAST_MATH = YES;
				ONLY_ACTIVE_ARCH = YES;
				SDKROOT = iphoneos;
				SWIFT_ACTIVE_COMPILATION_CONDITIONS = DEBUG;
				SWIFT_OPTIMIZATION_LEVEL = "-Onone";
			};
			name = Debug;
		};
		A0F20CFF2808685C00E238E4 /* Release */ = {
			isa = XCBuildConfiguration;
			buildSettings = {
				ALWAYS_SEARCH_USER_PATHS = NO;
				CLANG_ANALYZER_NONNULL = YES;
				CLANG_ANALYZER_NUMBER_OBJECT_CONVERSION = YES_AGGRESSIVE;
				CLANG_CXX_LANGUAGE_STANDARD = "gnu++17";
				CLANG_CXX_LIBRARY = "libc++";
				CLANG_ENABLE_MODULES = YES;
				CLANG_ENABLE_OBJC_ARC = YES;
				CLANG_ENABLE_OBJC_WEAK = YES;
				CLANG_WARN_BLOCK_CAPTURE_AUTORELEASING = YES;
				CLANG_WARN_BOOL_CONVERSION = YES;
				CLANG_WARN_COMMA = YES;
				CLANG_WARN_CONSTANT_CONVERSION = YES;
				CLANG_WARN_DEPRECATED_OBJC_IMPLEMENTATIONS = YES;
				CLANG_WARN_DIRECT_OBJC_ISA_USAGE = YES_ERROR;
				CLANG_WARN_DOCUMENTATION_COMMENTS = YES;
				CLANG_WARN_EMPTY_BODY = YES;
				CLANG_WARN_ENUM_CONVERSION = YES;
				CLANG_WARN_INFINITE_RECURSION = YES;
				CLANG_WARN_INT_CONVERSION = YES;
				CLANG_WARN_NON_LITERAL_NULL_CONVERSION = YES;
				CLANG_WARN_OBJC_IMPLICIT_RETAIN_SELF = YES;
				CLANG_WARN_OBJC_LITERAL_CONVERSION = YES;
				CLANG_WARN_OBJC_ROOT_CLASS = YES_ERROR;
				CLANG_WARN_QUOTED_INCLUDE_IN_FRAMEWORK_HEADER = YES;
				CLANG_WARN_RANGE_LOOP_ANALYSIS = YES;
				CLANG_WARN_STRICT_PROTOTYPES = YES;
				CLANG_WARN_SUSPICIOUS_MOVE = YES;
				CLANG_WARN_UNGUARDED_AVAILABILITY = YES_AGGRESSIVE;
				CLANG_WARN_UNREACHABLE_CODE = YES;
				CLANG_WARN__DUPLICATE_METHOD_MATCH = YES;
				COPY_PHASE_STRIP = NO;
				DEBUG_INFORMATION_FORMAT = "dwarf-with-dsym";
				ENABLE_NS_ASSERTIONS = NO;
				ENABLE_STRICT_OBJC_MSGSEND = YES;
				GCC_C_LANGUAGE_STANDARD = gnu11;
				GCC_NO_COMMON_BLOCKS = YES;
				GCC_WARN_64_TO_32_BIT_CONVERSION = YES;
				GCC_WARN_ABOUT_RETURN_TYPE = YES_ERROR;
				GCC_WARN_UNDECLARED_SELECTOR = YES;
				GCC_WARN_UNINITIALIZED_AUTOS = YES_AGGRESSIVE;
				GCC_WARN_UNUSED_FUNCTION = YES;
				GCC_WARN_UNUSED_VARIABLE = YES;
				IPHONEOS_DEPLOYMENT_TARGET = 15.0;
				MTL_ENABLE_DEBUG_INFO = NO;
				MTL_FAST_MATH = YES;
				SDKROOT = iphoneos;
				SWIFT_COMPILATION_MODE = wholemodule;
				SWIFT_OPTIMIZATION_LEVEL = "-O";
				VALIDATE_PRODUCT = YES;
			};
			name = Release;
		};
		A0F20D012808685C00E238E4 /* Debug */ = {
			isa = XCBuildConfiguration;
			buildSettings = {
				ASSETCATALOG_COMPILER_APPICON_NAME = AppIcon;
				ASSETCATALOG_COMPILER_GLOBAL_ACCENT_COLOR_NAME = AccentColor;
				CODE_SIGN_STYLE = Automatic;
				CURRENT_PROJECT_VERSION = 1;
				DEVELOPMENT_TEAM = 6C9J7BF5M5;
				GENERATE_INFOPLIST_FILE = YES;
				INFOPLIST_FILE = SlideshowApp/Info.plist;
				INFOPLIST_KEY_UIApplicationSupportsIndirectInputEvents = YES;
				INFOPLIST_KEY_UILaunchStoryboardName = LaunchScreen;
				INFOPLIST_KEY_UIMainStoryboardFile = Main;
				INFOPLIST_KEY_UISupportedInterfaceOrientations_iPad = "UIInterfaceOrientationPortrait UIInterfaceOrientationPortraitUpsideDown UIInterfaceOrientationLandscapeLeft UIInterfaceOrientationLandscapeRight";
				INFOPLIST_KEY_UISupportedInterfaceOrientations_iPhone = "UIInterfaceOrientationPortrait UIInterfaceOrientationLandscapeLeft UIInterfaceOrientationLandscapeRight";
				LD_RUNPATH_SEARCH_PATHS = (
					"$(inherited)",
					"@executable_path/Frameworks",
				);
				MARKETING_VERSION = 1.0;
				PRODUCT_BUNDLE_IDENTIFIER = jp.techacademy.yuji.mochizuki.SlideshowApp;
				PRODUCT_NAME = "$(TARGET_NAME)";
				SWIFT_EMIT_LOC_STRINGS = YES;
				SWIFT_VERSION = 5.0;
				TARGETED_DEVICE_FAMILY = "1,2";
			};
			name = Debug;
		};
		A0F20D022808685C00E238E4 /* Release */ = {
			isa = XCBuildConfiguration;
			buildSettings = {
				ASSETCATALOG_COMPILER_APPICON_NAME = AppIcon;
				ASSETCATALOG_COMPILER_GLOBAL_ACCENT_COLOR_NAME = AccentColor;
				CODE_SIGN_STYLE = Automatic;
				CURRENT_PROJECT_VERSION = 1;
				DEVELOPMENT_TEAM = 6C9J7BF5M5;
				GENERATE_INFOPLIST_FILE = YES;
				INFOPLIST_FILE = SlideshowApp/Info.plist;
				INFOPLIST_KEY_UIApplicationSupportsIndirectInputEvents = YES;
				INFOPLIST_KEY_UILaunchStoryboardName = LaunchScreen;
				INFOPLIST_KEY_UIMainStoryboardFile = Main;
				INFOPLIST_KEY_UISupportedInterfaceOrientations_iPad = "UIInterfaceOrientationPortrait UIInterfaceOrientationPortraitUpsideDown UIInterfaceOrientationLandscapeLeft UIInterfaceOrientationLandscapeRight";
				INFOPLIST_KEY_UISupportedInterfaceOrientations_iPhone = "UIInterfaceOrientationPortrait UIInterfaceOrientationLandscapeLeft UIInterfaceOrientationLandscapeRight";
				LD_RUNPATH_SEARCH_PATHS = (
					"$(inherited)",
					"@executable_path/Frameworks",
				);
				MARKETING_VERSION = 1.0;
				PRODUCT_BUNDLE_IDENTIFIER = jp.techacademy.yuji.mochizuki.SlideshowApp;
				PRODUCT_NAME = "$(TARGET_NAME)";
				SWIFT_EMIT_LOC_STRINGS = YES;
				SWIFT_VERSION = 5.0;
				TARGETED_DEVICE_FAMILY = "1,2";
			};
			name = Release;
		};
/* End XCBuildConfiguration section */

/* Begin XCConfigurationList section */
		A0F20CE72808685A00E238E4 /* Build configuration list for PBXProject "SlideshowApp" */ = {
			isa = XCConfigurationList;
			buildConfigurations = (
				A0F20CFE2808685C00E238E4 /* Debug */,
				A0F20CFF2808685C00E238E4 /* Release */,
			);
			defaultConfigurationIsVisible = 0;
			defaultConfigurationName = Release;
		};
		A0F20D002808685C00E238E4 /* Build configuration list for PBXNativeTarget "SlideshowApp" */ = {
			isa = XCConfigurationList;
			buildConfigurations = (
				A0F20D012808685C00E238E4 /* Debug */,
				A0F20D022808685C00E238E4 /* Release */,
			);
			defaultConfigurationIsVisible = 0;
			defaultConfigurationName = Release;
		};
/* End XCConfigurationList section */
	};
	rootObject = A0F20CE42808685A00E238E4 /* Project object */;
}
